
Microsoft Visual Studio Solution File, Format Version 12.00
# Visual Studio Version 17
VisualStudioVersion = 17.13.35818.85 d17.13
MinimumVisualStudioVersion = 10.0.40219.1
Project("{54A90642-561A-4BB1-A94E-469ADEE60C69}") = "iwanttoknow.client", "iwanttoknow.client\iwanttoknow.client.esproj", "{7E65555F-D4B4-A259-6E63-7D6D01FA0B06}"
EndProject
Project("{FAE04EC0-301F-11D3-BF4B-00C04F79EFBC}") = "IWantToKnow.Server", "IWantToKnow.Server\IWantToKnow.Server.csproj", "{C53FA2D7-AB97-4214-9852-8581419FC593}"
EndProject
Global
	GlobalSection(SolutionConfigurationPlatforms) = preSolution
		Debug|Any CPU = Debug|Any CPU
		Release|Any CPU = Release|Any CPU
	EndGlobalSection
	GlobalSection(ProjectConfigurationPlatforms) = postSolution
		{7E65555F-D4B4-A259-6E63-7D6D01FA0B06}.Debug|Any CPU.ActiveCfg = Debug|Any CPU
		{7E65555F-D4B4-A259-6E63-7D6D01FA0B06}.Debug|Any CPU.Build.0 = Debug|Any CPU
		{7E65555F-D4B4-A259-6E63-7D6D01FA0B06}.Debug|Any CPU.Deploy.0 = Debug|Any CPU
		{7E65555F-D4B4-A259-6E63-7D6D01FA0B06}.Release|Any CPU.ActiveCfg = Release|Any CPU
		{7E65555F-D4B4-A259-6E63-7D6D01FA0B06}.Release|Any CPU.Build.0 = Release|Any CPU
		{7E65555F-D4B4-A259-6E63-7D6D01FA0B06}.Release|Any CPU.Deploy.0 = Release|Any CPU
		{C53FA2D7-AB97-4214-9852-8581419FC593}.Debug|Any CPU.ActiveCfg = Debug|Any CPU
		{C53FA2D7-AB97-4214-9852-8581419FC593}.Debug|Any CPU.Build.0 = Debug|Any CPU
		{C53FA2D7-AB97-4214-9852-8581419FC593}.Release|Any CPU.ActiveCfg = Release|Any CPU
		{C53FA2D7-AB97-4214-9852-8581419FC593}.Release|Any CPU.Build.0 = Release|Any CPU
	EndGlobalSection
	GlobalSection(SolutionProperties) = preSolution
		HideSolutionNode = FALSE
	EndGlobalSection
	GlobalSection(ExtensibilityGlobals) = postSolution
		SolutionGuid = {A75ED2BD-0931-4DED-A624-C3A11E535915}
	EndGlobalSection
EndGlobal
